
Microsoft Visual Studio Solution File, Format Version 12.00
# Visual Studio 15
VisualStudioVersion = 15.0.28010.2046
MinimumVisualStudioVersion = 10.0.40219.1
Project("{FAE04EC0-301F-11D3-BF4B-00C04F79EFBC}") = "HomeTask", "HomeTask\HomeTask.csproj", "{EEC793DF-E8C2-48FC-975E-63142BFF1F7B}"
EndProject
Global
	GlobalSection(SolutionConfigurationPlatforms) = preSolution
		Debug|Any CPU = Debug|Any CPU
		Release|Any CPU = Release|Any CPU
	EndGlobalSection
	GlobalSection(ProjectConfigurationPlatforms) = postSolution
		{EEC793DF-E8C2-48FC-975E-63142BFF1F7B}.Debug|Any CPU.ActiveCfg = Debug|Any CPU
		{EEC793DF-E8C2-48FC-975E-63142BFF1F7B}.Debug|Any CPU.Build.0 = Debug|Any CPU
		{EEC793DF-E8C2-48FC-975E-63142BFF1F7B}.Release|Any CPU.ActiveCfg = Release|Any CPU
		{EEC793DF-E8C2-48FC-975E-63142BFF1F7B}.Release|Any CPU.Build.0 = Release|Any CPU
	EndGlobalSection
	GlobalSection(SolutionProperties) = preSolution
		HideSolutionNode = FALSE
	EndGlobalSection
	GlobalSection(ExtensibilityGlobals) = postSolution
		SolutionGuid = {CAC3B2A6-13DD-43EB-99DC-B54F99CAC4DC}
	EndGlobalSection
EndGlobal
