
Microsoft Visual Studio Solution File, Format Version 12.00
# Visual Studio 15
VisualStudioVersion = 15.0.28010.2046
MinimumVisualStudioVersion = 10.0.40219.1
Project("{FAE04EC0-301F-11D3-BF4B-00C04F79EFBC}") = "DapperTest", "DapperTest\DapperTest.csproj", "{BB723CBF-1A6B-403C-991D-4C2D54C15733}"
EndProject
Global
	GlobalSection(SolutionConfigurationPlatforms) = preSolution
		Debug|Any CPU = Debug|Any CPU
		Release|Any CPU = Release|Any CPU
	EndGlobalSection
	GlobalSection(ProjectConfigurationPlatforms) = postSolution
		{BB723CBF-1A6B-403C-991D-4C2D54C15733}.Debug|Any CPU.ActiveCfg = Debug|Any CPU
		{BB723CBF-1A6B-403C-991D-4C2D54C15733}.Debug|Any CPU.Build.0 = Debug|Any CPU
		{BB723CBF-1A6B-403C-991D-4C2D54C15733}.Release|Any CPU.ActiveCfg = Release|Any CPU
		{BB723CBF-1A6B-403C-991D-4C2D54C15733}.Release|Any CPU.Build.0 = Release|Any CPU
	EndGlobalSection
	GlobalSection(SolutionProperties) = preSolution
		HideSolutionNode = FALSE
	EndGlobalSection
	GlobalSection(ExtensibilityGlobals) = postSolution
		SolutionGuid = {8D71BC10-3EE3-4F71-BB72-94A39932677B}
	EndGlobalSection
EndGlobal
